
Microsoft Visual Studio Solution File, Format Version 12.00
# Visual Studio 14
VisualStudioVersion = 14.0.23107.0
MinimumVisualStudioVersion = 10.0.40219.1
Project("{2150E333-8FDC-42A3-9474-1A3956D46DE8}") = "Darl", "Darl", "{C79AB465-5E9E-4241-AC1E-0355BF84C3D1}"
	ProjectSection(SolutionItems) = preProject
		Darl\converse tutorial.md = Darl\converse tutorial.md
		Darl\dar ltest.md = Darl\dar ltest.md
		Darl\darl converse.md = Darl\darl converse.md
		Darl\darl editor.md = Darl\darl editor.md
		Darl\darl.md = Darl\darl.md
		Darl\form editor.md = Darl\form editor.md
		Darl\form test.md = Darl\form test.md
		Darl\Future stuff.md = Darl\Future stuff.md
		Darl\fuzzy sets.md = Darl\fuzzy sets.md
		Darl\index.md = Darl\index.md
		Darl\language editor.md = Darl\language editor.md
		Machine learning.md = Machine learning.md
		Darl\project page.md = Darl\project page.md
		Darl\tutorial.md = Darl\tutorial.md
		Using the Forms API directly.md = Using the Forms API directly.md
	EndProjectSection
EndProject
Project("{2150E333-8FDC-42A3-9474-1A3956D46DE8}") = "Images", "Images", "{21FB7CB5-AD16-40DE-9FDA-F32644B70236}"
	ProjectSection(SolutionItems) = preProject
		Darl\Images\ConverseTutorial1.png = Darl\Images\ConverseTutorial1.png
		Darl\Images\ConverseTutorial2.png = Darl\Images\ConverseTutorial2.png
		Darl\Images\ConverseTutorial3.png = Darl\Images\ConverseTutorial3.png
		Darl\Images\ConverseTutorial4.png = Darl\Images\ConverseTutorial4.png
		Darl\Images\CreateProject.png = Darl\Images\CreateProject.png
		Darl\Images\Edit1.png = Darl\Images\Edit1.png
		Darl\Images\Edit2.png = Darl\Images\Edit2.png
		Darl\Images\FormEdit1.png = Darl\Images\FormEdit1.png
		Darl\Images\FormEdit2.png = Darl\Images\FormEdit2.png
		Darl\Images\FormEdit3.png = Darl\Images\FormEdit3.png
		Darl\Images\FormEdit4.png = Darl\Images\FormEdit4.png
		Darl\Images\FormEdit5.png = Darl\Images\FormEdit5.png
		Darl\Images\fuzzysetsheight.png = Darl\Images\fuzzysetsheight.png
		Darl\Images\FuzzySetTypes.png = Darl\Images\FuzzySetTypes.png
		Darl\Images\LangEdit1.png = Darl\Images\LangEdit1.png
		Darl\Images\NewCode.png = Darl\Images\NewCode.png
		Darl\Images\NewProject.png = Darl\Images\NewProject.png
		Darl\Images\projectlist.png = Darl\Images\projectlist.png
		Darl\Images\Test1.png = Darl\Images\Test1.png
		Darl\Images\Test10.png = Darl\Images\Test10.png
		Darl\Images\Test2.png = Darl\Images\Test2.png
		Darl\Images\Test3.png = Darl\Images\Test3.png
		Darl\Images\Test4.png = Darl\Images\Test4.png
		Darl\Images\Test5.png = Darl\Images\Test5.png
		Darl\Images\Test6.png = Darl\Images\Test6.png
		Darl\Images\Test7.png = Darl\Images\Test7.png
		Darl\Images\Test8.png = Darl\Images\Test8.png
		Darl\Images\Test9.png = Darl\Images\Test9.png
	EndProjectSection
EndProject
Project("{2150E333-8FDC-42A3-9474-1A3956D46DE8}") = "DarlCommon", "DarlCommon", "{D37D6249-E9BC-48B9-A1C6-2AAE257357A4}"
	ProjectSection(SolutionItems) = preProject
		DarlVar.md = DarlVar.md
		DaslState.md = DaslState.md
		FormFormat.md = FormFormat.md
		InputFormat.md = InputFormat.md
		LanguageFormat.md = LanguageFormat.md
		LanguageText.md = LanguageText.md
		OutputFormat.md = OutputFormat.md
		QuestionProxy.md = QuestionProxy.md
		QuestionSetProxy.md = QuestionSetProxy.md
		ResponseProxy.md = ResponseProxy.md
		VariantText.md = VariantText.md
	EndProjectSection
EndProject
Global
	GlobalSection(SolutionProperties) = preSolution
		HideSolutionNode = FALSE
	EndGlobalSection
	GlobalSection(NestedProjects) = preSolution
		{21FB7CB5-AD16-40DE-9FDA-F32644B70236} = {C79AB465-5E9E-4241-AC1E-0355BF84C3D1}
	EndGlobalSection
EndGlobal
