
Microsoft Visual Studio Solution File, Format Version 12.00
# Visual Studio 14
VisualStudioVersion = 14.0.25420.1
MinimumVisualStudioVersion = 10.0.40219.1
Project("{2150E333-8FDC-42A3-9474-1A3956D46DE8}") = "Darl", "Darl", "{C79AB465-5E9E-4241-AC1E-0355BF84C3D1}"
	ProjectSection(SolutionItems) = preProject
		Darl\dar ltest.md = Darl\dar ltest.md
		darl and gp.md = darl and gp.md
		Darl\darl editor.md = Darl\darl editor.md
		Darl\darl.md = Darl\darl.md
		Darl\form editor.md = Darl\form editor.md
		Darl\form test.md = Darl\form test.md
		Darl\Future stuff.md = Darl\Future stuff.md
		Darl\fuzzy sets.md = Darl\fuzzy sets.md
		Darl\index.md = Darl\index.md
		Darl\language editor.md = Darl\language editor.md
		Darl\Machine learning.md = Darl\Machine learning.md
		Registering and logging in.md = Registering and logging in.md
		Status page.md = Status page.md
		Darl\tutorial.md = Darl\tutorial.md
		Darl\Using the Forms API directly.md = Darl\Using the Forms API directly.md
		Using the Inference API directly.md = Using the Inference API directly.md
		Word.md = Word.md
	EndProjectSection
EndProject
Project("{2150E333-8FDC-42A3-9474-1A3956D46DE8}") = "Images", "Images", "{21FB7CB5-AD16-40DE-9FDA-F32644B70236}"
	ProjectSection(SolutionItems) = preProject
		Darl\Images\ConverseTutorial1.png = Darl\Images\ConverseTutorial1.png
		Darl\Images\ConverseTutorial2.png = Darl\Images\ConverseTutorial2.png
		Darl\Images\ConverseTutorial3.png = Darl\Images\ConverseTutorial3.png
		Darl\Images\ConverseTutorial4.png = Darl\Images\ConverseTutorial4.png
		Darl\Images\CreateProject.png = Darl\Images\CreateProject.png
		Darl\Images\Edit1.png = Darl\Images\Edit1.png
		Darl\Images\Edit2.png = Darl\Images\Edit2.png
		Darl\Images\FormEdit1.png = Darl\Images\FormEdit1.png
		Darl\Images\FormEdit2.png = Darl\Images\FormEdit2.png
		Darl\Images\FormEdit3.png = Darl\Images\FormEdit3.png
		Darl\Images\FormEdit4.png = Darl\Images\FormEdit4.png
		Darl\Images\FormEdit5.png = Darl\Images\FormEdit5.png
		Darl\Images\fuzzysetsheight.png = Darl\Images\fuzzysetsheight.png
		Darl\Images\FuzzySetTypes.png = Darl\Images\FuzzySetTypes.png
		Darl\Images\LangEdit1.png = Darl\Images\LangEdit1.png
		Darl\Images\login.png = Darl\Images\login.png
		Darl\Images\manage.png = Darl\Images\manage.png
		Darl\Images\manage_external.png = Darl\Images\manage_external.png
		Darl\Images\manage_response.png = Darl\Images\manage_response.png
		Darl\Images\NewCode.png = Darl\Images\NewCode.png
		Darl\Images\NewProject.png = Darl\Images\NewProject.png
		Darl\Images\projectlist.png = Darl\Images\projectlist.png
		Darl\Images\register.png = Darl\Images\register.png
		Darl\Images\Status.png = Darl\Images\Status.png
		Darl\Images\Test1.png = Darl\Images\Test1.png
		Darl\Images\Test10.png = Darl\Images\Test10.png
		Darl\Images\Test2.png = Darl\Images\Test2.png
		Darl\Images\Test3.png = Darl\Images\Test3.png
		Darl\Images\Test4.png = Darl\Images\Test4.png
		Darl\Images\Test5.png = Darl\Images\Test5.png
		Darl\Images\Test6.png = Darl\Images\Test6.png
		Darl\Images\Test7.png = Darl\Images\Test7.png
		Darl\Images\Test8.png = Darl\Images\Test8.png
		Darl\Images\Test9.png = Darl\Images\Test9.png
		Darl\Images\Word.png = Darl\Images\Word.png
	EndProjectSection
EndProject
Project("{2150E333-8FDC-42A3-9474-1A3956D46DE8}") = "DarlCommon", "DarlCommon", "{D37D6249-E9BC-48B9-A1C6-2AAE257357A4}"
	ProjectSection(SolutionItems) = preProject
		DarlCommon\DarlVar.md = DarlCommon\DarlVar.md
		DarlCommon\DaslState.md = DarlCommon\DaslState.md
		DarlCommon\FormFormat.md = DarlCommon\FormFormat.md
		DarlCommon\InputFormat.md = DarlCommon\InputFormat.md
		DarlCommon\LanguageFormat.md = DarlCommon\LanguageFormat.md
		DarlCommon\LanguageText.md = DarlCommon\LanguageText.md
		DarlCommon\OutputFormat.md = DarlCommon\OutputFormat.md
		DarlCommon\QuestionProxy.md = DarlCommon\QuestionProxy.md
		DarlCommon\QuestionSetProxy.md = DarlCommon\QuestionSetProxy.md
		DarlCommon\ResponseProxy.md = DarlCommon\ResponseProxy.md
		Darl\Using the Forms API directly.md = Darl\Using the Forms API directly.md
		DarlCommon\VariantText.md = DarlCommon\VariantText.md
	EndProjectSection
EndProject
Project("{2150E333-8FDC-42A3-9474-1A3956D46DE8}") = "Dasl", "Dasl", "{5754102B-FF08-425D-8A2E-C8998F07907B}"
	ProjectSection(SolutionItems) = preProject
		Dasl\Dasl.md = Dasl\Dasl.md
	EndProjectSection
EndProject
Project("{2150E333-8FDC-42A3-9474-1A3956D46DE8}") = "Images", "Images", "{2D2E5FB8-0DB4-4D29-86D8-A40C4B175CEC}"
	ProjectSection(SolutionItems) = preProject
		Dasl\Images\Logisticmap_diagram.jpg = Dasl\Images\Logisticmap_diagram.jpg
	EndProjectSection
EndProject
Project("{2150E333-8FDC-42A3-9474-1A3956D46DE8}") = "DarlBot", "DarlBot", "{3763D03E-A378-4E64-8905-92336A68B642}"
EndProject
Global
	GlobalSection(SolutionProperties) = preSolution
		HideSolutionNode = FALSE
	EndGlobalSection
	GlobalSection(NestedProjects) = preSolution
		{21FB7CB5-AD16-40DE-9FDA-F32644B70236} = {C79AB465-5E9E-4241-AC1E-0355BF84C3D1}
		{2D2E5FB8-0DB4-4D29-86D8-A40C4B175CEC} = {5754102B-FF08-425D-8A2E-C8998F07907B}
	EndGlobalSection
EndGlobal
